github.com/Patrick5455/end-to-end-go v0.0.0-20210515105249-8292fcc88cee h1:1pzHVEGBOSs2QqJ3vsoX0Ij8T750iPfwTvMPxeG7DnY=
github.com/Patrick5455/end-to-end-go v0.0.0-20210515105249-8292fcc88cee/go.mod h1:imWKYdCr6IAMyGOaa1UH+LWVzGFPzap2q6xXznNsINs=
github.com/Patrick5455/end-to-end-go v1.0.0 h1:+ykBT7L/FhE6T8U7oMY0vT9zyT+eknqUat026ze+xSE=
github.com/Patrick5455/end-to-end-go v1.0.0/go.mod h1:imWKYdCr6IAMyGOaa1UH+LWVzGFPzap2q6xXznNsINs=
